{
  "name": "@ianlucas/websocket",
  "version": "1.0.0",
  "lockfileVersion": 2,
  "requires": true,
  "packages": {
    "": {
      "name": "@ianlucas/websocket",
      "version": "1.0.0",
      "license": "MIT",
      "dependencies": {
        "nanoid": "^3.3.4",
        "ws": "^8.8.1"
      },
      "devDependencies": {
        "@types/ws": "^8.5.3"
      }
    },
    "node_modules/@types/node": {
      "version": "18.0.5",
      "resolved": "https://registry.npmjs.org/@types/node/-/node-18.0.5.tgz",
      "integrity": "sha512-En7tneq+j0qAiVwysBD79y86MT3ModuoIJbe7JXp+sb5UAjInSShmK3nXXMioBzfF7rXC12hv12d4IyCVwN4dA==",
      "dev": true
    },
    "node_modules/@types/ws": {
      "version": "8.5.3",
      "resolved": "https://registry.npmjs.org/@types/ws/-/ws-8.5.3.tgz",
      "integrity": "sha512-6YOoWjruKj1uLf3INHH7D3qTXwFfEsg1kf3c0uDdSBJwfa/llkwIjrAGV7j7mVgGNbzTQ3HiHKKDXl6bJPD97w==",
      "dev": true,
      "dependencies": {
        "@types/node": "*"
      }
    },
    "node_modules/nanoid": {
      "version": "3.3.4",
      "resolved": "https://registry.npmjs.org/nanoid/-/nanoid-3.3.4.tgz",
      "integrity": "sha512-MqBkQh/OHTS2egovRtLk45wEyNXwF+cokD+1YPf9u5VfJiRdAiRwB2froX5Co9Rh20xs4siNPm8naNotSD6RBw==",
      "bin": {
        "nanoid": "bin/nanoid.cjs"
      },
      "engines": {
        "node": "^10 || ^12 || ^13.7 || ^14 || >=15.0.1"
      }
    },
    "node_modules/ws": {
      "version": "8.8.1",
      "resolved": "https://registry.npmjs.org/ws/-/ws-8.8.1.tgz",
      "integrity": "sha512-bGy2JzvzkPowEJV++hF07hAD6niYSr0JzBNo/J29WsB57A2r7Wlc1UFcTR9IzrPvuNVO4B8LGqF8qcpsVOhJCA==",
      "engines": {
        "node": ">=10.0.0"
      },
      "peerDependencies": {
        "bufferutil": "^4.0.1",
        "utf-8-validate": "^5.0.2"
      },
      "peerDependenciesMeta": {
        "bufferutil": {
          "optional": true
        },
        "utf-8-validate": {
          "optional": true
        }
      }
    }
  },
  "dependencies": {
    "@types/node": {
      "version": "18.0.5",
      "resolved": "https://registry.npmjs.org/@types/node/-/node-18.0.5.tgz",
      "integrity": "sha512-En7tneq+j0qAiVwysBD79y86MT3ModuoIJbe7JXp+sb5UAjInSShmK3nXXMioBzfF7rXC12hv12d4IyCVwN4dA==",
      "dev": true
    },
    "@types/ws": {
      "version": "8.5.3",
      "resolved": "https://registry.npmjs.org/@types/ws/-/ws-8.5.3.tgz",
      "integrity": "sha512-6YOoWjruKj1uLf3INHH7D3qTXwFfEsg1kf3c0uDdSBJwfa/llkwIjrAGV7j7mVgGNbzTQ3HiHKKDXl6bJPD97w==",
      "dev": true,
      "requires": {
        "@types/node": "*"
      }
    },
    "nanoid": {
      "version": "3.3.4",
      "resolved": "https://registry.npmjs.org/nanoid/-/nanoid-3.3.4.tgz",
      "integrity": "sha512-MqBkQh/OHTS2egovRtLk45wEyNXwF+cokD+1YPf9u5VfJiRdAiRwB2froX5Co9Rh20xs4siNPm8naNotSD6RBw=="
    },
    "ws": {
      "version": "8.8.1",
      "resolved": "https://registry.npmjs.org/ws/-/ws-8.8.1.tgz",
      "integrity": "sha512-bGy2JzvzkPowEJV++hF07hAD6niYSr0JzBNo/J29WsB57A2r7Wlc1UFcTR9IzrPvuNVO4B8LGqF8qcpsVOhJCA==",
      "requires": {}
    }
  }
}
